// !$*UTF8*$!
{
	archiveVersion = 1;
	classes = {
	};
	objectVersion = 77;
	objects = {

/* Begin PBXBuildFile section */
		764F1F1E2FBAA994001EA437 /* DeviceSafeArea.swift in Sources */ = {isa = PBXBuildFile; fileRef = 764F1F1D2FBAA98C001EA437 /* DeviceSafeArea.swift */; };
		7699CC112FBFFDA300CEA867 /* AppTabView.swift in Sources */ = {isa = PBXBuildFile; fileRef = 7699CC102FBFFDA200CEA867 /* AppTabView.swift */; };
		7699CC142FC000A400CEA867 /* BenefitsScreen.swift in Sources */ = {isa = PBXBuildFile; fileRef = 7699CC132FC0009900CEA867 /* BenefitsScreen.swift */; };
		7699CC172FC000DB00CEA867 /* ScanQRScreen.swift in Sources */ = {isa = PBXBuildFile; fileRef = 7699CC162FC000D600CEA867 /* ScanQRScreen.swift */; };
		7699CC1A2FC0012F00CEA867 /* WithdrawScreen.swift in Sources */ = {isa = PBXBuildFile; fileRef = 7699CC192FC0012900CEA867 /* WithdrawScreen.swift */; };
		7699CC1D2FC0015800CEA867 /* SupportScreen.swift in Sources */ = {isa = PBXBuildFile; fileRef = 7699CC1C2FC0015200CEA867 /* SupportScreen.swift */; };
		76D90F0E2FBAEEDD0010C947 /* ProfileUserComponent.swift in Sources */ = {isa = PBXBuildFile; fileRef = 76D90F0D2FBAEED20010C947 /* ProfileUserComponent.swift */; };
		76D90F572FBC007C0010C947 /* Navigator.swift in Sources */ = {isa = PBXBuildFile; fileRef = 76D90F562FBC00770010C947 /* Navigator.swift */; };
		76D90F5A2FBC02890010C947 /* AppDelegate.swift in Sources */ = {isa = PBXBuildFile; fileRef = 76D90F592FBC02870010C947 /* AppDelegate.swift */; };
		76D90F5D2FBC057A0010C947 /* BaseMain.swift in Sources */ = {isa = PBXBuildFile; fileRef = 76D90F5C2FBC05780010C947 /* BaseMain.swift */; };
		76D90F722FBC57DF0010C947 /* AppBarComponent.swift in Sources */ = {isa = PBXBuildFile; fileRef = 76D90F712FBC57C90010C947 /* AppBarComponent.swift */; };
		76D90F752FBC5E560010C947 /* AccountsScreen.swift in Sources */ = {isa = PBXBuildFile; fileRef = 76D90F742FBC5E500010C947 /* AccountsScreen.swift */; };
		E405B9062FB95A62003BEAA3 /* BankingServiceExtraChildComponent.swift in Sources */ = {isa = PBXBuildFile; fileRef = E405B9052FB95A5E003BEAA3 /* BankingServiceExtraChildComponent.swift */; };
		E4C906B02FB803BA007BDF84 /* Color + Extension.swift in Sources */ = {isa = PBXBuildFile; fileRef = E4C906AF2FB803BA007BDF84 /* Color + Extension.swift */; };
		E4C906B42FB80423007BDF84 /* HomeScreen.swift in Sources */ = {isa = PBXBuildFile; fileRef = E4C906B32FB80423007BDF84 /* HomeScreen.swift */; };
		E4C906B72FB80515007BDF84 /* Asset.xcassets in Resources */ = {isa = PBXBuildFile; fileRef = E4C906B62FB80515007BDF84 /* Asset.xcassets */; };
		E4C906EF2FB82FA6007BDF84 /* UserAccountBannerComponent.swift in Sources */ = {isa = PBXBuildFile; fileRef = E4C906EE2FB82F9E007BDF84 /* UserAccountBannerComponent.swift */; };
		E4C906F12FB83518007BDF84 /* StatusComponent.swift in Sources */ = {isa = PBXBuildFile; fileRef = E4C906F02FB8350E007BDF84 /* StatusComponent.swift */; };
		E4C906F22FB8367F007BDF84 /* QuickBankingComponent.swift in Sources */ = {isa = PBXBuildFile; fileRef = E4C906EC2FB80704007BDF84 /* QuickBankingComponent.swift */; };
		E4C906F42FB83AA4007BDF84 /* BankingServiceComponent.swift in Sources */ = {isa = PBXBuildFile; fileRef = E4C906F32FB83A9D007BDF84 /* BankingServiceComponent.swift */; };
		E4C906F62FB83AB7007BDF84 /* BankingServiceChildComponent.swift in Sources */ = {isa = PBXBuildFile; fileRef = E4C906F52FB83AAB007BDF84 /* BankingServiceChildComponent.swift */; };
		E4C906F92FB850DA007BDF84 /* ItemModel.swift in Sources */ = {isa = PBXBuildFile; fileRef = E4C906F82FB850AE007BDF84 /* ItemModel.swift */; };
		E4C906FB2FB85628007BDF84 /* TabBarComponent.swift in Sources */ = {isa = PBXBuildFile; fileRef = E4C906FA2FB8561C007BDF84 /* TabBarComponent.swift */; };
		E4C906FD2FB85723007BDF84 /* TabBarChildComponent.swift in Sources */ = {isa = PBXBuildFile; fileRef = E4C906FC2FB8571F007BDF84 /* TabBarChildComponent.swift */; };
		E4C911F32FB8C06B00293195 /* FrequentlyUsedComponent.swift in Sources */ = {isa = PBXBuildFile; fileRef = E4C911F22FB8C06400293195 /* FrequentlyUsedComponent.swift */; };
/* End PBXBuildFile section */

/* Begin PBXContainerItemProxy section */
		E4C906872FB7F562007BDF84 /* PBXContainerItemProxy */ = {
			isa = PBXContainerItemProxy;
			containerPortal = E4C906712FB7F560007BDF84 /* Project object */;
			proxyType = 1;
			remoteGlobalIDString = E4C906782FB7F560007BDF84;
			remoteInfo = homescreen;
		};
		E4C906912FB7F562007BDF84 /* PBXContainerItemProxy */ = {
			isa = PBXContainerItemProxy;
			containerPortal = E4C906712FB7F560007BDF84 /* Project object */;
			proxyType = 1;
			remoteGlobalIDString = E4C906782FB7F560007BDF84;
			remoteInfo = homescreen;
		};
/* End PBXContainerItemProxy section */

/* Begin PBXFileReference section */
		764F1F1D2FBAA98C001EA437 /* DeviceSafeArea.swift */ = {isa = PBXFileReference; lastKnownFileType = sourcecode.swift; path = DeviceSafeArea.swift; sourceTree = "<group>"; };
		7699CC102FBFFDA200CEA867 /* AppTabView.swift */ = {isa = PBXFileReference; lastKnownFileType = sourcecode.swift; path = AppTabView.swift; sourceTree = "<group>"; };
		7699CC132FC0009900CEA867 /* BenefitsScreen.swift */ = {isa = PBXFileReference; lastKnownFileType = sourcecode.swift; path = BenefitsScreen.swift; sourceTree = "<group>"; };
		7699CC162FC000D600CEA867 /* ScanQRScreen.swift */ = {isa = PBXFileReference; lastKnownFileType = sourcecode.swift; path = ScanQRScreen.swift; sourceTree = "<group>"; };
		7699CC192FC0012900CEA867 /* WithdrawScreen.swift */ = {isa = PBXFileReference; lastKnownFileType = sourcecode.swift; path = WithdrawScreen.swift; sourceTree = "<group>"; };
		7699CC1C2FC0015200CEA867 /* SupportScreen.swift */ = {isa = PBXFileReference; lastKnownFileType = sourcecode.swift; path = SupportScreen.swift; sourceTree = "<group>"; };
		76D90F0D2FBAEED20010C947 /* ProfileUserComponent.swift */ = {isa = PBXFileReference; lastKnownFileType = sourcecode.swift; path = ProfileUserComponent.swift; sourceTree = "<group>"; };
		76D90F562FBC00770010C947 /* Navigator.swift */ = {isa = PBXFileReference; lastKnownFileType = sourcecode.swift; path = Navigator.swift; sourceTree = "<group>"; };
		76D90F592FBC02870010C947 /* AppDelegate.swift */ = {isa = PBXFileReference; lastKnownFileType = sourcecode.swift; path = AppDelegate.swift; sourceTree = "<group>"; };
		76D90F5C2FBC05780010C947 /* BaseMain.swift */ = {isa = PBXFileReference; lastKnownFileType = sourcecode.swift; path = BaseMain.swift; sourceTree = "<group>"; };
		76D90F6E2FBC56590010C947 /* homescreen.app */ = {isa = PBXFileReference; explicitFileType = wrapper.application; includeInIndex = 0; path = homescreen.app; sourceTree = BUILT_PRODUCTS_DIR; };
		76D90F6F2FBC56590010C947 /* homescreenTests.xctest */ = {isa = PBXFileReference; explicitFileType = wrapper.cfbundle; includeInIndex = 0; path = homescreenTests.xctest; sourceTree = BUILT_PRODUCTS_DIR; };
		76D90F702FBC56590010C947 /* homescreenUITests.xctest */ = {isa = PBXFileReference; explicitFileType = wrapper.cfbundle; includeInIndex = 0; path = homescreenUITests.xctest; sourceTree = BUILT_PRODUCTS_DIR; };
		76D90F712FBC57C90010C947 /* AppBarComponent.swift */ = {isa = PBXFileReference; lastKnownFileType = sourcecode.swift; path = AppBarComponent.swift; sourceTree = "<group>"; };
		76D90F742FBC5E500010C947 /* AccountsScreen.swift */ = {isa = PBXFileReference; lastKnownFileType = sourcecode.swift; path = AccountsScreen.swift; sourceTree = "<group>"; };
		E405B9052FB95A5E003BEAA3 /* BankingServiceExtraChildComponent.swift */ = {isa = PBXFileReference; lastKnownFileType = sourcecode.swift; path = BankingServiceExtraChildComponent.swift; sourceTree = "<group>"; };
		E4C906AF2FB803BA007BDF84 /* Color + Extension.swift */ = {isa = PBXFileReference; lastKnownFileType = sourcecode.swift; path = "Color + Extension.swift"; sourceTree = "<group>"; };
		E4C906B32FB80423007BDF84 /* HomeScreen.swift */ = {isa = PBXFileReference; lastKnownFileType = sourcecode.swift; path = HomeScreen.swift; sourceTree = "<group>"; };
		E4C906B62FB80515007BDF84 /* Asset.xcassets */ = {isa = PBXFileReference; lastKnownFileType = folder.assetcatalog; path = Asset.xcassets; sourceTree = "<group>"; };
		E4C906EC2FB80704007BDF84 /* QuickBankingComponent.swift */ = {isa = PBXFileReference; lastKnownFileType = sourcecode.swift; path = QuickBankingComponent.swift; sourceTree = "<group>"; };
		E4C906EE2FB82F9E007BDF84 /* UserAccountBannerComponent.swift */ = {isa = PBXFileReference; lastKnownFileType = sourcecode.swift; path = UserAccountBannerComponent.swift; sourceTree = "<group>"; };
		E4C906F02FB8350E007BDF84 /* StatusComponent.swift */ = {isa = PBXFileReference; lastKnownFileType = sourcecode.swift; path = StatusComponent.swift; sourceTree = "<group>"; };
		E4C906F32FB83A9D007BDF84 /* BankingServiceComponent.swift */ = {isa = PBXFileReference; lastKnownFileType = sourcecode.swift; path = BankingServiceComponent.swift; sourceTree = "<group>"; };
		E4C906F52FB83AAB007BDF84 /* BankingServiceChildComponent.swift */ = {isa = PBXFileReference; lastKnownFileType = sourcecode.swift; path = BankingServiceChildComponent.swift; sourceTree = "<group>"; };
		E4C906F82FB850AE007BDF84 /* ItemModel.swift */ = {isa = PBXFileReference; lastKnownFileType = sourcecode.swift; path = ItemModel.swift; sourceTree = "<group>"; };
		E4C906FA2FB8561C007BDF84 /* TabBarComponent.swift */ = {isa = PBXFileReference; lastKnownFileType = sourcecode.swift; path = TabBarComponent.swift; sourceTree = "<group>"; };
		E4C906FC2FB8571F007BDF84 /* TabBarChildComponent.swift */ = {isa = PBXFileReference; lastKnownFileType = sourcecode.swift; path = TabBarChildComponent.swift; sourceTree = "<group>"; };
		E4C911F22FB8C06400293195 /* FrequentlyUsedComponent.swift */ = {isa = PBXFileReference; lastKnownFileType = sourcecode.swift; path = FrequentlyUsedComponent.swift; sourceTree = "<group>"; };
/* End PBXFileReference section */

/* Begin PBXFrameworksBuildPhase section */
		E4C906762FB7F560007BDF84 /* Frameworks */ = {
			isa = PBXFrameworksBuildPhase;
			buildActionMask = 2147483647;
			files = (
			);
			runOnlyForDeploymentPostprocessing = 0;
		};
		E4C906832FB7F562007BDF84 /* Frameworks */ = {
			isa = PBXFrameworksBuildPhase;
			buildActionMask = 2147483647;
			files = (
			);
			runOnlyForDeploymentPostprocessing = 0;
		};
		E4C9068D2FB7F562007BDF84 /* Frameworks */ = {
			isa = PBXFrameworksBuildPhase;
			buildActionMask = 2147483647;
			files = (
			);
			runOnlyForDeploymentPostprocessing = 0;
		};
/* End PBXFrameworksBuildPhase section */

/* Begin PBXGroup section */
		7699CC122FC0008900CEA867 /* Benefits */ = {
			isa = PBXGroup;
			children = (
				7699CC132FC0009900CEA867 /* BenefitsScreen.swift */,
			);
			path = Benefits;
			sourceTree = "<group>";
		};
		7699CC152FC000C300CEA867 /* ScanQR */ = {
			isa = PBXGroup;
			children = (
				7699CC162FC000D600CEA867 /* ScanQRScreen.swift */,
			);
			path = ScanQR;
			sourceTree = "<group>";
		};
		7699CC182FC0012300CEA867 /* Withdraw */ = {
			isa = PBXGroup;
			children = (
				7699CC192FC0012900CEA867 /* WithdrawScreen.swift */,
			);
			path = Withdraw;
			sourceTree = "<group>";
		};
		7699CC1B2FC0014B00CEA867 /* Support */ = {
			isa = PBXGroup;
			children = (
				7699CC1C2FC0015200CEA867 /* SupportScreen.swift */,
			);
			path = Support;
			sourceTree = "<group>";
		};
		76D90F532FBBFFB40010C947 /* Feature */ = {
			isa = PBXGroup;
			children = (
				7699CC1B2FC0014B00CEA867 /* Support */,
				7699CC182FC0012300CEA867 /* Withdraw */,
				7699CC152FC000C300CEA867 /* ScanQR */,
				7699CC122FC0008900CEA867 /* Benefits */,
				76D90F732FBC5E3E0010C947 /* Accounts */,
				76D90F5B2FBC056D0010C947 /* HomeScreen */,
				7699CC102FBFFDA200CEA867 /* AppTabView.swift */,
				76D90F5C2FBC05780010C947 /* BaseMain.swift */,
			);
			path = Feature;
			sourceTree = "<group>";
		};
		76D90F582FBC01630010C947 /* App */ = {
			isa = PBXGroup;
			children = (
				76D90F592FBC02870010C947 /* AppDelegate.swift */,
			);
			path = App;
			sourceTree = "<group>";
		};
		76D90F5B2FBC056D0010C947 /* HomeScreen */ = {
			isa = PBXGroup;
			children = (
				E4C906B32FB80423007BDF84 /* HomeScreen.swift */,
			);
			path = HomeScreen;
			sourceTree = "<group>";
		};
		76D90F5E2FBC163A0010C947 /* Utils */ = {
			isa = PBXGroup;
			children = (
				E4C906EB2FB806C8007BDF84 /* Component */,
			);
			path = Utils;
			sourceTree = "<group>";
		};
		76D90F5F2FBC16750010C947 /* Resources */ = {
			isa = PBXGroup;
			children = (
				E4C906B52FB80430007BDF84 /* Icon */,
			);
			path = Resources;
			sourceTree = "<group>";
		};
		76D90F732FBC5E3E0010C947 /* Accounts */ = {
			isa = PBXGroup;
			children = (
				76D90F742FBC5E500010C947 /* AccountsScreen.swift */,
			);
			path = Accounts;
			sourceTree = "<group>";
		};
		E4C906702FB7F560007BDF84 = {
			isa = PBXGroup;
			children = (
				76D90F582FBC01630010C947 /* App */,
				76D90F532FBBFFB40010C947 /* Feature */,
				76D90F5E2FBC163A0010C947 /* Utils */,
				E4C906AE2FB803B0007BDF84 /* Extension */,
				76D90F5F2FBC16750010C947 /* Resources */,
				E4C906F72FB850A3007BDF84 /* Model */,
				764F1F1D2FBAA98C001EA437 /* DeviceSafeArea.swift */,
				76D90F562FBC00770010C947 /* Navigator.swift */,
				76D90F6E2FBC56590010C947 /* homescreen.app */,
				76D90F6F2FBC56590010C947 /* homescreenTests.xctest */,
				76D90F702FBC56590010C947 /* homescreenUITests.xctest */,
			);
			sourceTree = "<group>";
		};
		E4C906AE2FB803B0007BDF84 /* Extension */ = {
			isa = PBXGroup;
			children = (
				E4C906AF2FB803BA007BDF84 /* Color + Extension.swift */,
			);
			path = Extension;
			sourceTree = "<group>";
		};
		E4C906B52FB80430007BDF84 /* Icon */ = {
			isa = PBXGroup;
			children = (
				E4C906B62FB80515007BDF84 /* Asset.xcassets */,
			);
			path = Icon;
			sourceTree = "<group>";
		};
		E4C906EB2FB806C8007BDF84 /* Component */ = {
			isa = PBXGroup;
			children = (
				76D90F712FBC57C90010C947 /* AppBarComponent.swift */,
				76D90F0D2FBAEED20010C947 /* ProfileUserComponent.swift */,
				E405B9052FB95A5E003BEAA3 /* BankingServiceExtraChildComponent.swift */,
				E4C911F22FB8C06400293195 /* FrequentlyUsedComponent.swift */,
				E4C906FC2FB8571F007BDF84 /* TabBarChildComponent.swift */,
				E4C906FA2FB8561C007BDF84 /* TabBarComponent.swift */,
				E4C906F52FB83AAB007BDF84 /* BankingServiceChildComponent.swift */,
				E4C906F32FB83A9D007BDF84 /* BankingServiceComponent.swift */,
				E4C906F02FB8350E007BDF84 /* StatusComponent.swift */,
				E4C906EE2FB82F9E007BDF84 /* UserAccountBannerComponent.swift */,
				E4C906EC2FB80704007BDF84 /* QuickBankingComponent.swift */,
			);
			path = Component;
			sourceTree = "<group>";
		};
		E4C906F72FB850A3007BDF84 /* Model */ = {
			isa = PBXGroup;
			children = (
				E4C906F82FB850AE007BDF84 /* ItemModel.swift */,
			);
			path = Model;
			sourceTree = "<group>";
		};
/* End PBXGroup section */

/* Begin PBXNativeTarget section */
		E4C906782FB7F560007BDF84 /* homescreen */ = {
			isa = PBXNativeTarget;
			buildConfigurationList = E4C9069A2FB7F562007BDF84 /* Build configuration list for PBXNativeTarget "homescreen" */;
			buildPhases = (
				E4C906752FB7F560007BDF84 /* Sources */,
				E4C906762FB7F560007BDF84 /* Frameworks */,
				E4C906772FB7F560007BDF84 /* Resources */,
			);
			buildRules = (
			);
			dependencies = (
			);
			name = homescreen;
			packageProductDependencies = (
			);
			productName = homescreen;
			productReference = 76D90F6E2FBC56590010C947 /* homescreen.app */;
			productType = "com.apple.product-type.application";
		};
		E4C906852FB7F562007BDF84 /* homescreenTests */ = {
			isa = PBXNativeTarget;
			buildConfigurationList = E4C9069D2FB7F562007BDF84 /* Build configuration list for PBXNativeTarget "homescreenTests" */;
			buildPhases = (
				E4C906822FB7F562007BDF84 /* Sources */,
				E4C906832FB7F562007BDF84 /* Frameworks */,
				E4C906842FB7F562007BDF84 /* Resources */,
			);
			buildRules = (
			);
			dependencies = (
				E4C906882FB7F562007BDF84 /* PBXTargetDependency */,
			);
			name = homescreenTests;
			packageProductDependencies = (
			);
			productName = homescreenTests;
			productReference = 76D90F6F2FBC56590010C947 /* homescreenTests.xctest */;
			productType = "com.apple.product-type.bundle.unit-test";
		};
		E4C9068F2FB7F562007BDF84 /* homescreenUITests */ = {
			isa = PBXNativeTarget;
			buildConfigurationList = E4C906A02FB7F562007BDF84 /* Build configuration list for PBXNativeTarget "homescreenUITests" */;
			buildPhases = (
				E4C9068C2FB7F562007BDF84 /* Sources */,
				E4C9068D2FB7F562007BDF84 /* Frameworks */,
				E4C9068E2FB7F562007BDF84 /* Resources */,
			);
			buildRules = (
			);
			dependencies = (
				E4C906922FB7F562007BDF84 /* PBXTargetDependency */,
			);
			name = homescreenUITests;
			packageProductDependencies = (
			);
			productName = homescreenUITests;
			productReference = 76D90F702FBC56590010C947 /* homescreenUITests.xctest */;
			productType = "com.apple.product-type.bundle.ui-testing";
		};
/* End PBXNativeTarget section */

/* Begin PBXProject section */
		E4C906712FB7F560007BDF84 /* Project object */ = {
			isa = PBXProject;
			attributes = {
				BuildIndependentTargetsInParallel = 1;
				LastSwiftUpdateCheck = 2640;
				LastUpgradeCheck = 2640;
				TargetAttributes = {
					E4C906782FB7F560007BDF84 = {
						CreatedOnToolsVersion = 26.4.1;
						LastSwiftMigration = 2640;
					};
					E4C906852FB7F562007BDF84 = {
						CreatedOnToolsVersion = 26.4.1;
						TestTargetID = E4C906782FB7F560007BDF84;
					};
					E4C9068F2FB7F562007BDF84 = {
						CreatedOnToolsVersion = 26.4.1;
						TestTargetID = E4C906782FB7F560007BDF84;
					};
				};
			};
			buildConfigurationList = E4C906742FB7F560007BDF84 /* Build configuration list for PBXProject "homescreen" */;
			developmentRegion = en;
			hasScannedForEncodings = 0;
			knownRegions = (
				en,
				Base,
			);
			mainGroup = E4C906702FB7F560007BDF84;
			minimizedProjectReferenceProxies = 1;
			preferredProjectObjectVersion = 77;
			productRefGroup = E4C906702FB7F560007BDF84;
			projectDirPath = "";
			projectRoot = "";
			targets = (
				E4C906782FB7F560007BDF84 /* homescreen */,
				E4C906852FB7F562007BDF84 /* homescreenTests */,
				E4C9068F2FB7F562007BDF84 /* homescreenUITests */,
			);
		};
/* End PBXProject section */

/* Begin PBXResourcesBuildPhase section */
		E4C906772FB7F560007BDF84 /* Resources */ = {
			isa = PBXResourcesBuildPhase;
			buildActionMask = 2147483647;
			files = (
				E4C906B72FB80515007BDF84 /* Asset.xcassets in Resources */,
			);
			runOnlyForDeploymentPostprocessing = 0;
		};
		E4C906842FB7F562007BDF84 /* Resources */ = {
			isa = PBXResourcesBuildPhase;
			buildActionMask = 2147483647;
			files = (
			);
			runOnlyForDeploymentPostprocessing = 0;
		};
		E4C9068E2FB7F562007BDF84 /* Resources */ = {
			isa = PBXResourcesBuildPhase;
			buildActionMask = 2147483647;
			files = (
			);
			runOnlyForDeploymentPostprocessing = 0;
		};
/* End PBXResourcesBuildPhase section */

/* Begin PBXSourcesBuildPhase section */
		E4C906752FB7F560007BDF84 /* Sources */ = {
			isa = PBXSourcesBuildPhase;
			buildActionMask = 2147483647;
			files = (
				E4C906F62FB83AB7007BDF84 /* BankingServiceChildComponent.swift in Sources */,
				764F1F1E2FBAA994001EA437 /* DeviceSafeArea.swift in Sources */,
				E4C906EF2FB82FA6007BDF84 /* UserAccountBannerComponent.swift in Sources */,
				7699CC172FC000DB00CEA867 /* ScanQRScreen.swift in Sources */,
				76D90F722FBC57DF0010C947 /* AppBarComponent.swift in Sources */,
				E4C906F22FB8367F007BDF84 /* QuickBankingComponent.swift in Sources */,
				7699CC1A2FC0012F00CEA867 /* WithdrawScreen.swift in Sources */,
				76D90F572FBC007C0010C947 /* Navigator.swift in Sources */,
				76D90F5D2FBC057A0010C947 /* BaseMain.swift in Sources */,
				E4C906F92FB850DA007BDF84 /* ItemModel.swift in Sources */,
				E4C906B02FB803BA007BDF84 /* Color + Extension.swift in Sources */,
				E4C906F42FB83AA4007BDF84 /* BankingServiceComponent.swift in Sources */,
				E4C906FD2FB85723007BDF84 /* TabBarChildComponent.swift in Sources */,
				76D90F752FBC5E560010C947 /* AccountsScreen.swift in Sources */,
				E4C906B42FB80423007BDF84 /* HomeScreen.swift in Sources */,
				E4C911F32FB8C06B00293195 /* FrequentlyUsedComponent.swift in Sources */,
				7699CC112FBFFDA300CEA867 /* AppTabView.swift in Sources */,
				E405B9062FB95A62003BEAA3 /* BankingServiceExtraChildComponent.swift in Sources */,
				E4C906F12FB83518007BDF84 /* StatusComponent.swift in Sources */,
				7699CC1D2FC0015800CEA867 /* SupportScreen.swift in Sources */,
				7699CC142FC000A400CEA867 /* BenefitsScreen.swift in Sources */,
				76D90F0E2FBAEEDD0010C947 /* ProfileUserComponent.swift in Sources */,
				76D90F5A2FBC02890010C947 /* AppDelegate.swift in Sources */,
				E4C906FB2FB85628007BDF84 /* TabBarComponent.swift in Sources */,
			);
			runOnlyForDeploymentPostprocessing = 0;
		};
		E4C906822FB7F562007BDF84 /* Sources */ = {
			isa = PBXSourcesBuildPhase;
			buildActionMask = 2147483647;
			files = (
			);
			runOnlyForDeploymentPostprocessing = 0;
		};
		E4C9068C2FB7F562007BDF84 /* Sources */ = {
			isa = PBXSourcesBuildPhase;
			buildActionMask = 2147483647;
			files = (
			);
			runOnlyForDeploymentPostprocessing = 0;
		};
/* End PBXSourcesBuildPhase section */

/* Begin PBXTargetDependency section */
		E4C906882FB7F562007BDF84 /* PBXTargetDependency */ = {
			isa = PBXTargetDependency;
			target = E4C906782FB7F560007BDF84 /* homescreen */;
			targetProxy = E4C906872FB7F562007BDF84 /* PBXContainerItemProxy */;
		};
		E4C906922FB7F562007BDF84 /* PBXTargetDependency */ = {
			isa = PBXTargetDependency;
			target = E4C906782FB7F560007BDF84 /* homescreen */;
			targetProxy = E4C906912FB7F562007BDF84 /* PBXContainerItemProxy */;
		};
/* End PBXTargetDependency section */

/* Begin XCBuildConfiguration section */
		E4C906982FB7F562007BDF84 /* Debug */ = {
			isa = XCBuildConfiguration;
			buildSettings = {
				ALWAYS_SEARCH_USER_PATHS = NO;
				ASSETCATALOG_COMPILER_GENERATE_SWIFT_ASSET_SYMBOL_EXTENSIONS = YES;
				CLANG_ANALYZER_NONNULL = YES;
				CLANG_ANALYZER_NUMBER_OBJECT_CONVERSION = YES_AGGRESSIVE;
				CLANG_CXX_LANGUAGE_STANDARD = "gnu++20";
				CLANG_ENABLE_MODULES = YES;
				CLANG_ENABLE_OBJC_ARC = YES;
				CLANG_ENABLE_OBJC_WEAK = YES;
				CLANG_WARN_BLOCK_CAPTURE_AUTORELEASING = YES;
				CLANG_WARN_BOOL_CONVERSION = YES;
				CLANG_WARN_COMMA = YES;
				CLANG_WARN_CONSTANT_CONVERSION = YES;
				CLANG_WARN_DEPRECATED_OBJC_IMPLEMENTATIONS = YES;
				CLANG_WARN_DIRECT_OBJC_ISA_USAGE = YES_ERROR;
				CLANG_WARN_DOCUMENTATION_COMMENTS = YES;
				CLANG_WARN_EMPTY_BODY = YES;
				CLANG_WARN_ENUM_CONVERSION = YES;
				CLANG_WARN_INFINITE_RECURSION = YES;
				CLANG_WARN_INT_CONVERSION = YES;
				CLANG_WARN_NON_LITERAL_NULL_CONVERSION = YES;
				CLANG_WARN_OBJC_IMPLICIT_RETAIN_SELF = YES;
				CLANG_WARN_OBJC_LITERAL_CONVERSION = YES;
				CLANG_WARN_OBJC_ROOT_CLASS = YES_ERROR;
				CLANG_WARN_QUOTED_INCLUDE_IN_FRAMEWORK_HEADER = YES;
				CLANG_WARN_RANGE_LOOP_ANALYSIS = YES;
				CLANG_WARN_STRICT_PROTOTYPES = YES;
				CLANG_WARN_SUSPICIOUS_MOVE = YES;
				CLANG_WARN_UNGUARDED_AVAILABILITY = YES_AGGRESSIVE;
				CLANG_WARN_UNREACHABLE_CODE = YES;
				CLANG_WARN__DUPLICATE_METHOD_MATCH = YES;
				COPY_PHASE_STRIP = NO;
				DEBUG_INFORMATION_FORMAT = dwarf;
				DEVELOPMENT_TEAM = XMG9C3LK4N;
				ENABLE_STRICT_OBJC_MSGSEND = YES;
				ENABLE_TESTABILITY = YES;
				ENABLE_USER_SCRIPT_SANDBOXING = YES;
				GCC_C_LANGUAGE_STANDARD = gnu17;
				GCC_DYNAMIC_NO_PIC = NO;
				GCC_NO_COMMON_BLOCKS = YES;
				GCC_OPTIMIZATION_LEVEL = 0;
				GCC_PREPROCESSOR_DEFINITIONS = (
					"DEBUG=1",
					"$(inherited)",
				);
				GCC_WARN_64_TO_32_BIT_CONVERSION = YES;
				GCC_WARN_ABOUT_RETURN_TYPE = YES_ERROR;
				GCC_WARN_UNDECLARED_SELECTOR = YES;
				GCC_WARN_UNINITIALIZED_AUTOS = YES_AGGRESSIVE;
				GCC_WARN_UNUSED_FUNCTION = YES;
				GCC_WARN_UNUSED_VARIABLE = YES;
				IPHONEOS_DEPLOYMENT_TARGET = 26.4;
				LOCALIZATION_PREFERS_STRING_CATALOGS = YES;
				MTL_ENABLE_DEBUG_INFO = INCLUDE_SOURCE;
				MTL_FAST_MATH = YES;
				ONLY_ACTIVE_ARCH = YES;
				SDKROOT = iphoneos;
				SWIFT_ACTIVE_COMPILATION_CONDITIONS = "DEBUG $(inherited)";
				SWIFT_OPTIMIZATION_LEVEL = "-Onone";
			};
			name = Debug;
		};
		E4C906992FB7F562007BDF84 /* Release */ = {
			isa = XCBuildConfiguration;
			buildSettings = {
				ALWAYS_SEARCH_USER_PATHS = NO;
				ASSETCATALOG_COMPILER_GENERATE_SWIFT_ASSET_SYMBOL_EXTENSIONS = YES;
				CLANG_ANALYZER_NONNULL = YES;
				CLANG_ANALYZER_NUMBER_OBJECT_CONVERSION = YES_AGGRESSIVE;
				CLANG_CXX_LANGUAGE_STANDARD = "gnu++20";
				CLANG_ENABLE_MODULES = YES;
				CLANG_ENABLE_OBJC_ARC = YES;
				CLANG_ENABLE_OBJC_WEAK = YES;
				CLANG_WARN_BLOCK_CAPTURE_AUTORELEASING = YES;
				CLANG_WARN_BOOL_CONVERSION = YES;
				CLANG_WARN_COMMA = YES;
				CLANG_WARN_CONSTANT_CONVERSION = YES;
				CLANG_WARN_DEPRECATED_OBJC_IMPLEMENTATIONS = YES;
				CLANG_WARN_DIRECT_OBJC_ISA_USAGE = YES_ERROR;
				CLANG_WARN_DOCUMENTATION_COMMENTS = YES;
				CLANG_WARN_EMPTY_BODY = YES;
				CLANG_WARN_ENUM_CONVERSION = YES;
				CLANG_WARN_INFINITE_RECURSION = YES;
				CLANG_WARN_INT_CONVERSION = YES;
				CLANG_WARN_NON_LITERAL_NULL_CONVERSION = YES;
				CLANG_WARN_OBJC_IMPLICIT_RETAIN_SELF = YES;
				CLANG_WARN_OBJC_LITERAL_CONVERSION = YES;
				CLANG_WARN_OBJC_ROOT_CLASS = YES_ERROR;
				CLANG_WARN_QUOTED_INCLUDE_IN_FRAMEWORK_HEADER = YES;
				CLANG_WARN_RANGE_LOOP_ANALYSIS = YES;
				CLANG_WARN_STRICT_PROTOTYPES = YES;
				CLANG_WARN_SUSPICIOUS_MOVE = YES;
				CLANG_WARN_UNGUARDED_AVAILABILITY = YES_AGGRESSIVE;
				CLANG_WARN_UNREACHABLE_CODE = YES;
				CLANG_WARN__DUPLICATE_METHOD_MATCH = YES;
				COPY_PHASE_STRIP = NO;
				DEBUG_INFORMATION_FORMAT = "dwarf-with-dsym";
				DEVELOPMENT_TEAM = XMG9C3LK4N;
				ENABLE_NS_ASSERTIONS = NO;
				ENABLE_STRICT_OBJC_MSGSEND = YES;
				ENABLE_USER_SCRIPT_SANDBOXING = YES;
				GCC_C_LANGUAGE_STANDARD = gnu17;
				GCC_NO_COMMON_BLOCKS = YES;
				GCC_WARN_64_TO_32_BIT_CONVERSION = YES;
				GCC_WARN_ABOUT_RETURN_TYPE = YES_ERROR;
				GCC_WARN_UNDECLARED_SELECTOR = YES;
				GCC_WARN_UNINITIALIZED_AUTOS = YES_AGGRESSIVE;
				GCC_WARN_UNUSED_FUNCTION = YES;
				GCC_WARN_UNUSED_VARIABLE = YES;
				IPHONEOS_DEPLOYMENT_TARGET = 26.4;
				LOCALIZATION_PREFERS_STRING_CATALOGS = YES;
				MTL_ENABLE_DEBUG_INFO = NO;
				MTL_FAST_MATH = YES;
				SDKROOT = iphoneos;
				SWIFT_COMPILATION_MODE = wholemodule;
				VALIDATE_PRODUCT = YES;
			};
			name = Release;
		};
		E4C9069B2FB7F562007BDF84 /* Debug */ = {
			isa = XCBuildConfiguration;
			buildSettings = {
				ASSETCATALOG_COMPILER_APPICON_NAME = AppIcon;
				ASSETCATALOG_COMPILER_GLOBAL_ACCENT_COLOR_NAME = AccentColor;
				CLANG_ENABLE_MODULES = YES;
				CODE_SIGN_STYLE = Automatic;
				CURRENT_PROJECT_VERSION = 1;
				DEVELOPMENT_TEAM = S92Y757QCB;
				ENABLE_PREVIEWS = YES;
				GENERATE_INFOPLIST_FILE = YES;
				INFOPLIST_KEY_UIApplicationSceneManifest_Generation = YES;
				INFOPLIST_KEY_UIApplicationSupportsIndirectInputEvents = YES;
				INFOPLIST_KEY_UILaunchScreen_Generation = YES;
				INFOPLIST_KEY_UISupportedInterfaceOrientations_iPad = "UIInterfaceOrientationPortrait UIInterfaceOrientationPortraitUpsideDown UIInterfaceOrientationLandscapeLeft UIInterfaceOrientationLandscapeRight";
				INFOPLIST_KEY_UISupportedInterfaceOrientations_iPhone = "UIInterfaceOrientationPortrait UIInterfaceOrientationLandscapeLeft UIInterfaceOrientationLandscapeRight";
				IPHONEOS_DEPLOYMENT_TARGET = 14;
				LD_RUNPATH_SEARCH_PATHS = (
					"$(inherited)",
					"@executable_path/Frameworks",
				);
				MARKETING_VERSION = 1.0;
				PRODUCT_BUNDLE_IDENTIFIER = cm.homescreen.cmcb;
				PRODUCT_NAME = "$(TARGET_NAME)";
				STRING_CATALOG_GENERATE_SYMBOLS = YES;
				SWIFT_APPROACHABLE_CONCURRENCY = YES;
				SWIFT_DEFAULT_ACTOR_ISOLATION = MainActor;
				SWIFT_EMIT_LOC_STRINGS = YES;
				SWIFT_OPTIMIZATION_LEVEL = "-Onone";
				SWIFT_UPCOMING_FEATURE_MEMBER_IMPORT_VISIBILITY = YES;
				SWIFT_VERSION = 5.0;
				TARGETED_DEVICE_FAMILY = "1,2";
			};
			name = Debug;
		};
		E4C9069C2FB7F562007BDF84 /* Release */ = {
			isa = XCBuildConfiguration;
			buildSettings = {
				ASSETCATALOG_COMPILER_APPICON_NAME = AppIcon;
				ASSETCATALOG_COMPILER_GLOBAL_ACCENT_COLOR_NAME = AccentColor;
				CLANG_ENABLE_MODULES = YES;
				CODE_SIGN_STYLE = Automatic;
				CURRENT_PROJECT_VERSION = 1;
				DEVELOPMENT_TEAM = S92Y757QCB;
				ENABLE_PREVIEWS = YES;
				GENERATE_INFOPLIST_FILE = YES;
				INFOPLIST_KEY_UIApplicationSceneManifest_Generation = YES;
				INFOPLIST_KEY_UIApplicationSupportsIndirectInputEvents = YES;
				INFOPLIST_KEY_UILaunchScreen_Generation = YES;
				INFOPLIST_KEY_UISupportedInterfaceOrientations_iPad = "UIInterfaceOrientationPortrait UIInterfaceOrientationPortraitUpsideDown UIInterfaceOrientationLandscapeLeft UIInterfaceOrientationLandscapeRight";
				INFOPLIST_KEY_UISupportedInterfaceOrientations_iPhone = "UIInterfaceOrientationPortrait UIInterfaceOrientationLandscapeLeft UIInterfaceOrientationLandscapeRight";
				IPHONEOS_DEPLOYMENT_TARGET = 14;
				LD_RUNPATH_SEARCH_PATHS = (
					"$(inherited)",
					"@executable_path/Frameworks",
				);
				MARKETING_VERSION = 1.0;
				PRODUCT_BUNDLE_IDENTIFIER = cm.homescreen.cmcb;
				PRODUCT_NAME = "$(TARGET_NAME)";
				STRING_CATALOG_GENERATE_SYMBOLS = YES;
				SWIFT_APPROACHABLE_CONCURRENCY = YES;
				SWIFT_DEFAULT_ACTOR_ISOLATION = MainActor;
				SWIFT_EMIT_LOC_STRINGS = YES;
				SWIFT_UPCOMING_FEATURE_MEMBER_IMPORT_VISIBILITY = YES;
				SWIFT_VERSION = 5.0;
				TARGETED_DEVICE_FAMILY = "1,2";
			};
			name = Release;
		};
		E4C9069E2FB7F562007BDF84 /* Debug */ = {
			isa = XCBuildConfiguration;
			buildSettings = {
				BUNDLE_LOADER = "$(TEST_HOST)";
				CODE_SIGN_STYLE = Automatic;
				CURRENT_PROJECT_VERSION = 1;
				DEVELOPMENT_TEAM = XMG9C3LK4N;
				GENERATE_INFOPLIST_FILE = YES;
				IPHONEOS_DEPLOYMENT_TARGET = 26.4;
				MARKETING_VERSION = 1.0;
				PRODUCT_BUNDLE_IDENTIFIER = Sreng.homescreenTests;
				PRODUCT_NAME = "$(TARGET_NAME)";
				STRING_CATALOG_GENERATE_SYMBOLS = NO;
				SWIFT_APPROACHABLE_CONCURRENCY = YES;
				SWIFT_EMIT_LOC_STRINGS = NO;
				SWIFT_UPCOMING_FEATURE_MEMBER_IMPORT_VISIBILITY = YES;
				SWIFT_VERSION = 5.0;
				TARGETED_DEVICE_FAMILY = "1,2";
				TEST_HOST = "$(BUILT_PRODUCTS_DIR)/homescreen.app/$(BUNDLE_EXECUTABLE_FOLDER_PATH)/homescreen";
			};
			name = Debug;
		};
		E4C9069F2FB7F562007BDF84 /* Release */ = {
			isa = XCBuildConfiguration;
			buildSettings = {
				BUNDLE_LOADER = "$(TEST_HOST)";
				CODE_SIGN_STYLE = Automatic;
				CURRENT_PROJECT_VERSION = 1;
				DEVELOPMENT_TEAM = XMG9C3LK4N;
				GENERATE_INFOPLIST_FILE = YES;
				IPHONEOS_DEPLOYMENT_TARGET = 26.4;
				MARKETING_VERSION = 1.0;
				PRODUCT_BUNDLE_IDENTIFIER = Sreng.homescreenTests;
				PRODUCT_NAME = "$(TARGET_NAME)";
				STRING_CATALOG_GENERATE_SYMBOLS = NO;
				SWIFT_APPROACHABLE_CONCURRENCY = YES;
				SWIFT_EMIT_LOC_STRINGS = NO;
				SWIFT_UPCOMING_FEATURE_MEMBER_IMPORT_VISIBILITY = YES;
				SWIFT_VERSION = 5.0;
				TARGETED_DEVICE_FAMILY = "1,2";
				TEST_HOST = "$(BUILT_PRODUCTS_DIR)/homescreen.app/$(BUNDLE_EXECUTABLE_FOLDER_PATH)/homescreen";
			};
			name = Release;
		};
		E4C906A12FB7F562007BDF84 /* Debug */ = {
			isa = XCBuildConfiguration;
			buildSettings = {
				CODE_SIGN_STYLE = Automatic;
				CURRENT_PROJECT_VERSION = 1;
				DEVELOPMENT_TEAM = XMG9C3LK4N;
				GENERATE_INFOPLIST_FILE = YES;
				MARKETING_VERSION = 1.0;
				PRODUCT_BUNDLE_IDENTIFIER = Sreng.homescreenUITests;
				PRODUCT_NAME = "$(TARGET_NAME)";
				STRING_CATALOG_GENERATE_SYMBOLS = NO;
				SWIFT_APPROACHABLE_CONCURRENCY = YES;
				SWIFT_EMIT_LOC_STRINGS = NO;
				SWIFT_UPCOMING_FEATURE_MEMBER_IMPORT_VISIBILITY = YES;
				SWIFT_VERSION = 5.0;
				TARGETED_DEVICE_FAMILY = "1,2";
				TEST_TARGET_NAME = homescreen;
			};
			name = Debug;
		};
		E4C906A22FB7F562007BDF84 /* Release */ = {
			isa = XCBuildConfiguration;
			buildSettings = {
				CODE_SIGN_STYLE = Automatic;
				CURRENT_PROJECT_VERSION = 1;
				DEVELOPMENT_TEAM = XMG9C3LK4N;
				GENERATE_INFOPLIST_FILE = YES;
				MARKETING_VERSION = 1.0;
				PRODUCT_BUNDLE_IDENTIFIER = Sreng.homescreenUITests;
				PRODUCT_NAME = "$(TARGET_NAME)";
				STRING_CATALOG_GENERATE_SYMBOLS = NO;
				SWIFT_APPROACHABLE_CONCURRENCY = YES;
				SWIFT_EMIT_LOC_STRINGS = NO;
				SWIFT_UPCOMING_FEATURE_MEMBER_IMPORT_VISIBILITY = YES;
				SWIFT_VERSION = 5.0;
				TARGETED_DEVICE_FAMILY = "1,2";
				TEST_TARGET_NAME = homescreen;
			};
			name = Release;
		};
/* End XCBuildConfiguration section */

/* Begin XCConfigurationList section */
		E4C906742FB7F560007BDF84 /* Build configuration list for PBXProject "homescreen" */ = {
			isa = XCConfigurationList;
			buildConfigurations = (
				E4C906982FB7F562007BDF84 /* Debug */,
				E4C906992FB7F562007BDF84 /* Release */,
			);
			defaultConfigurationIsVisible = 0;
			defaultConfigurationName = Release;
		};
		E4C9069A2FB7F562007BDF84 /* Build configuration list for PBXNativeTarget "homescreen" */ = {
			isa = XCConfigurationList;
			buildConfigurations = (
				E4C9069B2FB7F562007BDF84 /* Debug */,
				E4C9069C2FB7F562007BDF84 /* Release */,
			);
			defaultConfigurationIsVisible = 0;
			defaultConfigurationName = Release;
		};
		E4C9069D2FB7F562007BDF84 /* Build configuration list for PBXNativeTarget "homescreenTests" */ = {
			isa = XCConfigurationList;
			buildConfigurations = (
				E4C9069E2FB7F562007BDF84 /* Debug */,
				E4C9069F2FB7F562007BDF84 /* Release */,
			);
			defaultConfigurationIsVisible = 0;
			defaultConfigurationName = Release;
		};
		E4C906A02FB7F562007BDF84 /* Build configuration list for PBXNativeTarget "homescreenUITests" */ = {
			isa = XCConfigurationList;
			buildConfigurations = (
				E4C906A12FB7F562007BDF84 /* Debug */,
				E4C906A22FB7F562007BDF84 /* Release */,
			);
			defaultConfigurationIsVisible = 0;
			defaultConfigurationName = Release;
		};
/* End XCConfigurationList section */
	};
	rootObject = E4C906712FB7F560007BDF84 /* Project object */;
}
